{
  "originHash" : "f8a0db239c6de4472428fbeb321c7ff5b436762d439ad53f723aadd3e23e5cb2",
  "pins" : [
    {
      "identity" : "stripe-ios",
      "kind" : "remoteSourceControl",
      "location" : "https://github.com/stripe/stripe-ios",
      "state" : {
        "revision" : "42a83bf140cec64358e1f5afd41b7295e72a92a1",
        "version" : "23.28.0"
      }
    }
  ],
  "version" : 3
}
