// !$*UTF8*$!
{
	archiveVersion = 1;
	classes = {
	};
	objectVersion = 56;
	objects = {

/* Begin PBXBuildFile section */
		0140B13C2BF5536400B86301 /* ProductGridView.swift in Sources */ = {isa = PBXBuildFile; fileRef = 0140B13B2BF5536400B86301 /* ProductGridView.swift */; };
		0175CC972BFCF152006324D3 /* OrderModel.swift in Sources */ = {isa = PBXBuildFile; fileRef = 0175CC962BFCF152006324D3 /* OrderModel.swift */; };
		0183626E2BF7CEC6001BA1A4 /* CartModel.swift in Sources */ = {isa = PBXBuildFile; fileRef = 0183626D2BF7CEC6001BA1A4 /* CartModel.swift */; };
		018362702BF7D67D001BA1A4 /* TabBarView.swift in Sources */ = {isa = PBXBuildFile; fileRef = 0183626F2BF7D67D001BA1A4 /* TabBarView.swift */; };
		0183CE4B2C0A2A4D00BE13E6 /* CartAPIManager.swift in Sources */ = {isa = PBXBuildFile; fileRef = 0183CE4A2C0A2A4D00BE13E6 /* CartAPIManager.swift */; };
		01B29FC72BFD3B06002581BF /* Toast.swift in Sources */ = {isa = PBXBuildFile; fileRef = 01B29FC12BFD3B06002581BF /* Toast.swift */; };
		01B29FC82BFD3B06002581BF /* ToastView.swift in Sources */ = {isa = PBXBuildFile; fileRef = 01B29FC22BFD3B06002581BF /* ToastView.swift */; };
		01B29FC92BFD3B06002581BF /* View_Glow.swift in Sources */ = {isa = PBXBuildFile; fileRef = 01B29FC32BFD3B06002581BF /* View_Glow.swift */; };
		01B29FCA2BFD3B06002581BF /* View_toastView.swift in Sources */ = {isa = PBXBuildFile; fileRef = 01B29FC42BFD3B06002581BF /* View_toastView.swift */; };
		01B29FCB2BFD3B06002581BF /* ToastModifier.swift in Sources */ = {isa = PBXBuildFile; fileRef = 01B29FC52BFD3B06002581BF /* ToastModifier.swift */; };
		01B29FCC2BFD3B06002581BF /* ToastStyle.swift in Sources */ = {isa = PBXBuildFile; fileRef = 01B29FC62BFD3B06002581BF /* ToastStyle.swift */; };
		01EF29DC2BF3BC2B00586122 /* GMarketplaceApp.swift in Sources */ = {isa = PBXBuildFile; fileRef = 01EF29DB2BF3BC2B00586122 /* GMarketplaceApp.swift */; };
		01EF29DE2BF3BC2B00586122 /* CartView.swift in Sources */ = {isa = PBXBuildFile; fileRef = 01EF29DD2BF3BC2B00586122 /* CartView.swift */; };
		01EF29E02BF3BC2C00586122 /* Assets.xcassets in Resources */ = {isa = PBXBuildFile; fileRef = 01EF29DF2BF3BC2C00586122 /* Assets.xcassets */; };
		01EF29E32BF3BC2C00586122 /* Preview Assets.xcassets in Resources */ = {isa = PBXBuildFile; fileRef = 01EF29E22BF3BC2C00586122 /* Preview Assets.xcassets */; };
		01EF29EC2BF3BD0900586122 /* CatalogModel.swift in Sources */ = {isa = PBXBuildFile; fileRef = 01EF29EB2BF3BD0900586122 /* CatalogModel.swift */; };
		01EF29EE2BF3BDC500586122 /* CatalogAPIManager.swift in Sources */ = {isa = PBXBuildFile; fileRef = 01EF29ED2BF3BDC500586122 /* CatalogAPIManager.swift */; };
		01EF29F02BF3BE7400586122 /* HomepageView.swift in Sources */ = {isa = PBXBuildFile; fileRef = 01EF29EF2BF3BE7400586122 /* HomepageView.swift */; };
		01EF29F22BF3F52E00586122 /* ProductDetailsView.swift in Sources */ = {isa = PBXBuildFile; fileRef = 01EF29F12BF3F52E00586122 /* ProductDetailsView.swift */; };
		01EF29F62BF4101900586122 /* HeaderView.swift in Sources */ = {isa = PBXBuildFile; fileRef = 01EF29F52BF4101900586122 /* HeaderView.swift */; };
		01EF29F82BF530C100586122 /* SectionHeaderView.swift in Sources */ = {isa = PBXBuildFile; fileRef = 01EF29F72BF530C100586122 /* SectionHeaderView.swift */; };
/* End PBXBuildFile section */

/* Begin PBXFileReference section */
		0140B13B2BF5536400B86301 /* ProductGridView.swift */ = {isa = PBXFileReference; lastKnownFileType = sourcecode.swift; path = ProductGridView.swift; sourceTree = "<group>"; };
		0175CC962BFCF152006324D3 /* OrderModel.swift */ = {isa = PBXFileReference; lastKnownFileType = sourcecode.swift; path = OrderModel.swift; sourceTree = "<group>"; };
		0183626D2BF7CEC6001BA1A4 /* CartModel.swift */ = {isa = PBXFileReference; lastKnownFileType = sourcecode.swift; path = CartModel.swift; sourceTree = "<group>"; };
		0183626F2BF7D67D001BA1A4 /* TabBarView.swift */ = {isa = PBXFileReference; lastKnownFileType = sourcecode.swift; path = TabBarView.swift; sourceTree = "<group>"; };
		0183CE4A2C0A2A4D00BE13E6 /* CartAPIManager.swift */ = {isa = PBXFileReference; lastKnownFileType = sourcecode.swift; path = CartAPIManager.swift; sourceTree = "<group>"; };
		01B29FC12BFD3B06002581BF /* Toast.swift */ = {isa = PBXFileReference; fileEncoding = 4; lastKnownFileType = sourcecode.swift; path = Toast.swift; sourceTree = "<group>"; };
		01B29FC22BFD3B06002581BF /* ToastView.swift */ = {isa = PBXFileReference; fileEncoding = 4; lastKnownFileType = sourcecode.swift; path = ToastView.swift; sourceTree = "<group>"; };
		01B29FC32BFD3B06002581BF /* View_Glow.swift */ = {isa = PBXFileReference; fileEncoding = 4; lastKnownFileType = sourcecode.swift; path = View_Glow.swift; sourceTree = "<group>"; };
		01B29FC42BFD3B06002581BF /* View_toastView.swift */ = {isa = PBXFileReference; fileEncoding = 4; lastKnownFileType = sourcecode.swift; path = View_toastView.swift; sourceTree = "<group>"; };
		01B29FC52BFD3B06002581BF /* ToastModifier.swift */ = {isa = PBXFileReference; fileEncoding = 4; lastKnownFileType = sourcecode.swift; path = ToastModifier.swift; sourceTree = "<group>"; };
		01B29FC62BFD3B06002581BF /* ToastStyle.swift */ = {isa = PBXFileReference; fileEncoding = 4; lastKnownFileType = sourcecode.swift; path = ToastStyle.swift; sourceTree = "<group>"; };
		01EF29D82BF3BC2B00586122 /* GMarketplace.app */ = {isa = PBXFileReference; explicitFileType = wrapper.application; includeInIndex = 0; path = GMarketplace.app; sourceTree = BUILT_PRODUCTS_DIR; };
		01EF29DB2BF3BC2B00586122 /* GMarketplaceApp.swift */ = {isa = PBXFileReference; lastKnownFileType = sourcecode.swift; path = GMarketplaceApp.swift; sourceTree = "<group>"; };
		01EF29DD2BF3BC2B00586122 /* CartView.swift */ = {isa = PBXFileReference; lastKnownFileType = sourcecode.swift; path = CartView.swift; sourceTree = "<group>"; };
		01EF29DF2BF3BC2C00586122 /* Assets.xcassets */ = {isa = PBXFileReference; lastKnownFileType = folder.assetcatalog; path = Assets.xcassets; sourceTree = "<group>"; };
		01EF29E22BF3BC2C00586122 /* Preview Assets.xcassets */ = {isa = PBXFileReference; lastKnownFileType = folder.assetcatalog; path = "Preview Assets.xcassets"; sourceTree = "<group>"; };
		01EF29EB2BF3BD0900586122 /* CatalogModel.swift */ = {isa = PBXFileReference; fileEncoding = 4; lastKnownFileType = sourcecode.swift; path = CatalogModel.swift; sourceTree = "<group>"; };
		01EF29ED2BF3BDC500586122 /* CatalogAPIManager.swift */ = {isa = PBXFileReference; lastKnownFileType = sourcecode.swift; path = CatalogAPIManager.swift; sourceTree = "<group>"; };
		01EF29EF2BF3BE7400586122 /* HomepageView.swift */ = {isa = PBXFileReference; lastKnownFileType = sourcecode.swift; path = HomepageView.swift; sourceTree = "<group>"; };
		01EF29F12BF3F52E00586122 /* ProductDetailsView.swift */ = {isa = PBXFileReference; lastKnownFileType = sourcecode.swift; path = ProductDetailsView.swift; sourceTree = "<group>"; };
		01EF29F52BF4101900586122 /* HeaderView.swift */ = {isa = PBXFileReference; lastKnownFileType = sourcecode.swift; path = HeaderView.swift; sourceTree = "<group>"; };
		01EF29F72BF530C100586122 /* SectionHeaderView.swift */ = {isa = PBXFileReference; lastKnownFileType = sourcecode.swift; path = SectionHeaderView.swift; sourceTree = "<group>"; };
/* End PBXFileReference section */

/* Begin PBXFrameworksBuildPhase section */
		01EF29D52BF3BC2B00586122 /* Frameworks */ = {
			isa = PBXFrameworksBuildPhase;
			buildActionMask = 2147483647;
			files = (
			);
			runOnlyForDeploymentPostprocessing = 0;
		};
/* End PBXFrameworksBuildPhase section */

/* Begin PBXGroup section */
		010BF0182BFD2849005FFD67 /* ToastView */ = {
			isa = PBXGroup;
			children = (
				01B29FC12BFD3B06002581BF /* Toast.swift */,
				01B29FC52BFD3B06002581BF /* ToastModifier.swift */,
				01B29FC62BFD3B06002581BF /* ToastStyle.swift */,
				01B29FC22BFD3B06002581BF /* ToastView.swift */,
				01B29FC32BFD3B06002581BF /* View_Glow.swift */,
				01B29FC42BFD3B06002581BF /* View_toastView.swift */,
			);
			path = ToastView;
			sourceTree = "<group>";
		};
		0183626C2BF7CE9F001BA1A4 /* Cart */ = {
			isa = PBXGroup;
			children = (
				0183626D2BF7CEC6001BA1A4 /* CartModel.swift */,
				01EF29DD2BF3BC2B00586122 /* CartView.swift */,
				0175CC962BFCF152006324D3 /* OrderModel.swift */,
			);
			path = Cart;
			sourceTree = "<group>";
		};
		01EF29CF2BF3BC2B00586122 = {
			isa = PBXGroup;
			children = (
				01EF29DA2BF3BC2B00586122 /* GMarketplace */,
				01EF29D92BF3BC2B00586122 /* Products */,
			);
			sourceTree = "<group>";
		};
		01EF29D92BF3BC2B00586122 /* Products */ = {
			isa = PBXGroup;
			children = (
				01EF29D82BF3BC2B00586122 /* GMarketplace.app */,
			);
			name = Products;
			sourceTree = "<group>";
		};
		01EF29DA2BF3BC2B00586122 /* GMarketplace */ = {
			isa = PBXGroup;
			children = (
				0183626C2BF7CE9F001BA1A4 /* Cart */,
				01EF29F42BF4100500586122 /* AccessoryViews */,
				01EF29EA2BF3BCAC00586122 /* Catalog */,
				01EF29E92BF3BC5400586122 /* Networking */,
				01EF29DB2BF3BC2B00586122 /* GMarketplaceApp.swift */,
				0183626F2BF7D67D001BA1A4 /* TabBarView.swift */,
				01EF29F32BF4094D00586122 /* Homepage */,
				01EF29DF2BF3BC2C00586122 /* Assets.xcassets */,
				01EF29E12BF3BC2C00586122 /* Preview Content */,
			);
			path = GMarketplace;
			sourceTree = "<group>";
		};
		01EF29E12BF3BC2C00586122 /* Preview Content */ = {
			isa = PBXGroup;
			children = (
				01EF29E22BF3BC2C00586122 /* Preview Assets.xcassets */,
			);
			path = "Preview Content";
			sourceTree = "<group>";
		};
		01EF29E92BF3BC5400586122 /* Networking */ = {
			isa = PBXGroup;
			children = (
				01EF29ED2BF3BDC500586122 /* CatalogAPIManager.swift */,
				0183CE4A2C0A2A4D00BE13E6 /* CartAPIManager.swift */,
			);
			path = Networking;
			sourceTree = "<group>";
		};
		01EF29EA2BF3BCAC00586122 /* Catalog */ = {
			isa = PBXGroup;
			children = (
				01EF29EB2BF3BD0900586122 /* CatalogModel.swift */,
				01EF29F12BF3F52E00586122 /* ProductDetailsView.swift */,
			);
			path = Catalog;
			sourceTree = "<group>";
		};
		01EF29F32BF4094D00586122 /* Homepage */ = {
			isa = PBXGroup;
			children = (
				01EF29EF2BF3BE7400586122 /* HomepageView.swift */,
			);
			path = Homepage;
			sourceTree = "<group>";
		};
		01EF29F42BF4100500586122 /* AccessoryViews */ = {
			isa = PBXGroup;
			children = (
				0140B13B2BF5536400B86301 /* ProductGridView.swift */,
				01EF29F52BF4101900586122 /* HeaderView.swift */,
				01EF29F72BF530C100586122 /* SectionHeaderView.swift */,
				010BF0182BFD2849005FFD67 /* ToastView */,
			);
			path = AccessoryViews;
			sourceTree = "<group>";
		};
/* End PBXGroup section */

/* Begin PBXNativeTarget section */
		01EF29D72BF3BC2B00586122 /* GMarketplace */ = {
			isa = PBXNativeTarget;
			buildConfigurationList = 01EF29E62BF3BC2C00586122 /* Build configuration list for PBXNativeTarget "GMarketplace" */;
			buildPhases = (
				01EF29D42BF3BC2B00586122 /* Sources */,
				01EF29D52BF3BC2B00586122 /* Frameworks */,
				01EF29D62BF3BC2B00586122 /* Resources */,
			);
			buildRules = (
			);
			dependencies = (
			);
			name = GMarketplace;
			productName = GMarketplace;
			productReference = 01EF29D82BF3BC2B00586122 /* GMarketplace.app */;
			productType = "com.apple.product-type.application";
		};
/* End PBXNativeTarget section */

/* Begin PBXProject section */
		01EF29D02BF3BC2B00586122 /* Project object */ = {
			isa = PBXProject;
			attributes = {
				BuildIndependentTargetsInParallel = 1;
				LastSwiftUpdateCheck = 1500;
				LastUpgradeCheck = 1500;
				TargetAttributes = {
					01EF29D72BF3BC2B00586122 = {
						CreatedOnToolsVersion = 15.0.1;
					};
				};
			};
			buildConfigurationList = 01EF29D32BF3BC2B00586122 /* Build configuration list for PBXProject "GMarketplace" */;
			compatibilityVersion = "Xcode 14.0";
			developmentRegion = en;
			hasScannedForEncodings = 0;
			knownRegions = (
				en,
				Base,
			);
			mainGroup = 01EF29CF2BF3BC2B00586122;
			productRefGroup = 01EF29D92BF3BC2B00586122 /* Products */;
			projectDirPath = "";
			projectRoot = "";
			targets = (
				01EF29D72BF3BC2B00586122 /* GMarketplace */,
			);
		};
/* End PBXProject section */

/* Begin PBXResourcesBuildPhase section */
		01EF29D62BF3BC2B00586122 /* Resources */ = {
			isa = PBXResourcesBuildPhase;
			buildActionMask = 2147483647;
			files = (
				01EF29E32BF3BC2C00586122 /* Preview Assets.xcassets in Resources */,
				01EF29E02BF3BC2C00586122 /* Assets.xcassets in Resources */,
			);
			runOnlyForDeploymentPostprocessing = 0;
		};
/* End PBXResourcesBuildPhase section */

/* Begin PBXSourcesBuildPhase section */
		01EF29D42BF3BC2B00586122 /* Sources */ = {
			isa = PBXSourcesBuildPhase;
			buildActionMask = 2147483647;
			files = (
				01B29FC72BFD3B06002581BF /* Toast.swift in Sources */,
				01EF29EC2BF3BD0900586122 /* CatalogModel.swift in Sources */,
				018362702BF7D67D001BA1A4 /* TabBarView.swift in Sources */,
				01EF29DE2BF3BC2B00586122 /* CartView.swift in Sources */,
				01B29FC92BFD3B06002581BF /* View_Glow.swift in Sources */,
				01EF29F02BF3BE7400586122 /* HomepageView.swift in Sources */,
				0175CC972BFCF152006324D3 /* OrderModel.swift in Sources */,
				0183CE4B2C0A2A4D00BE13E6 /* CartAPIManager.swift in Sources */,
				01B29FCC2BFD3B06002581BF /* ToastStyle.swift in Sources */,
				01EF29F82BF530C100586122 /* SectionHeaderView.swift in Sources */,
				01B29FCB2BFD3B06002581BF /* ToastModifier.swift in Sources */,
				01EF29EE2BF3BDC500586122 /* CatalogAPIManager.swift in Sources */,
				01B29FC82BFD3B06002581BF /* ToastView.swift in Sources */,
				0183626E2BF7CEC6001BA1A4 /* CartModel.swift in Sources */,
				01EF29DC2BF3BC2B00586122 /* GMarketplaceApp.swift in Sources */,
				01EF29F22BF3F52E00586122 /* ProductDetailsView.swift in Sources */,
				0140B13C2BF5536400B86301 /* ProductGridView.swift in Sources */,
				01EF29F62BF4101900586122 /* HeaderView.swift in Sources */,
				01B29FCA2BFD3B06002581BF /* View_toastView.swift in Sources */,
			);
			runOnlyForDeploymentPostprocessing = 0;
		};
/* End PBXSourcesBuildPhase section */

/* Begin XCBuildConfiguration section */
		01EF29E42BF3BC2C00586122 /* Debug */ = {
			isa = XCBuildConfiguration;
			buildSettings = {
				ALWAYS_SEARCH_USER_PATHS = NO;
				ASSETCATALOG_COMPILER_GENERATE_SWIFT_ASSET_SYMBOL_EXTENSIONS = YES;
				CLANG_ANALYZER_NONNULL = YES;
				CLANG_ANALYZER_NUMBER_OBJECT_CONVERSION = YES_AGGRESSIVE;
				CLANG_CXX_LANGUAGE_STANDARD = "gnu++20";
				CLANG_ENABLE_MODULES = YES;
				CLANG_ENABLE_OBJC_ARC = YES;
				CLANG_ENABLE_OBJC_WEAK = YES;
				CLANG_WARN_BLOCK_CAPTURE_AUTORELEASING = YES;
				CLANG_WARN_BOOL_CONVERSION = YES;
				CLANG_WARN_COMMA = YES;
				CLANG_WARN_CONSTANT_CONVERSION = YES;
				CLANG_WARN_DEPRECATED_OBJC_IMPLEMENTATIONS = YES;
				CLANG_WARN_DIRECT_OBJC_ISA_USAGE = YES_ERROR;
				CLANG_WARN_DOCUMENTATION_COMMENTS = YES;
				CLANG_WARN_EMPTY_BODY = YES;
				CLANG_WARN_ENUM_CONVERSION = YES;
				CLANG_WARN_INFINITE_RECURSION = YES;
				CLANG_WARN_INT_CONVERSION = YES;
				CLANG_WARN_NON_LITERAL_NULL_CONVERSION = YES;
				CLANG_WARN_OBJC_IMPLICIT_RETAIN_SELF = YES;
				CLANG_WARN_OBJC_LITERAL_CONVERSION = YES;
				CLANG_WARN_OBJC_ROOT_CLASS = YES_ERROR;
				CLANG_WARN_QUOTED_INCLUDE_IN_FRAMEWORK_HEADER = YES;
				CLANG_WARN_RANGE_LOOP_ANALYSIS = YES;
				CLANG_WARN_STRICT_PROTOTYPES = YES;
				CLANG_WARN_SUSPICIOUS_MOVE = YES;
				CLANG_WARN_UNGUARDED_AVAILABILITY = YES_AGGRESSIVE;
				CLANG_WARN_UNREACHABLE_CODE = YES;
				CLANG_WARN__DUPLICATE_METHOD_MATCH = YES;
				COPY_PHASE_STRIP = NO;
				DEBUG_INFORMATION_FORMAT = dwarf;
				ENABLE_STRICT_OBJC_MSGSEND = YES;
				ENABLE_TESTABILITY = YES;
				ENABLE_USER_SCRIPT_SANDBOXING = YES;
				GCC_C_LANGUAGE_STANDARD = gnu17;
				GCC_DYNAMIC_NO_PIC = NO;
				GCC_NO_COMMON_BLOCKS = YES;
				GCC_OPTIMIZATION_LEVEL = 0;
				GCC_PREPROCESSOR_DEFINITIONS = (
					"DEBUG=1",
					"$(inherited)",
				);
				GCC_WARN_64_TO_32_BIT_CONVERSION = YES;
				GCC_WARN_ABOUT_RETURN_TYPE = YES_ERROR;
				GCC_WARN_UNDECLARED_SELECTOR = YES;
				GCC_WARN_UNINITIALIZED_AUTOS = YES_AGGRESSIVE;
				GCC_WARN_UNUSED_FUNCTION = YES;
				GCC_WARN_UNUSED_VARIABLE = YES;
				IPHONEOS_DEPLOYMENT_TARGET = 17.0;
				LOCALIZATION_PREFERS_STRING_CATALOGS = YES;
				MTL_ENABLE_DEBUG_INFO = INCLUDE_SOURCE;
				MTL_FAST_MATH = YES;
				ONLY_ACTIVE_ARCH = YES;
				SDKROOT = iphoneos;
				SWIFT_ACTIVE_COMPILATION_CONDITIONS = "DEBUG $(inherited)";
				SWIFT_OPTIMIZATION_LEVEL = "-Onone";
			};
			name = Debug;
		};
		01EF29E52BF3BC2C00586122 /* Release */ = {
			isa = XCBuildConfiguration;
			buildSettings = {
				ALWAYS_SEARCH_USER_PATHS = NO;
				ASSETCATALOG_COMPILER_GENERATE_SWIFT_ASSET_SYMBOL_EXTENSIONS = YES;
				CLANG_ANALYZER_NONNULL = YES;
				CLANG_ANALYZER_NUMBER_OBJECT_CONVERSION = YES_AGGRESSIVE;
				CLANG_CXX_LANGUAGE_STANDARD = "gnu++20";
				CLANG_ENABLE_MODULES = YES;
				CLANG_ENABLE_OBJC_ARC = YES;
				CLANG_ENABLE_OBJC_WEAK = YES;
				CLANG_WARN_BLOCK_CAPTURE_AUTORELEASING = YES;
				CLANG_WARN_BOOL_CONVERSION = YES;
				CLANG_WARN_COMMA = YES;
				CLANG_WARN_CONSTANT_CONVERSION = YES;
				CLANG_WARN_DEPRECATED_OBJC_IMPLEMENTATIONS = YES;
				CLANG_WARN_DIRECT_OBJC_ISA_USAGE = YES_ERROR;
				CLANG_WARN_DOCUMENTATION_COMMENTS = YES;
				CLANG_WARN_EMPTY_BODY = YES;
				CLANG_WARN_ENUM_CONVERSION = YES;
				CLANG_WARN_INFINITE_RECURSION = YES;
				CLANG_WARN_INT_CONVERSION = YES;
				CLANG_WARN_NON_LITERAL_NULL_CONVERSION = YES;
				CLANG_WARN_OBJC_IMPLICIT_RETAIN_SELF = YES;
				CLANG_WARN_OBJC_LITERAL_CONVERSION = YES;
				CLANG_WARN_OBJC_ROOT_CLASS = YES_ERROR;
				CLANG_WARN_QUOTED_INCLUDE_IN_FRAMEWORK_HEADER = YES;
				CLANG_WARN_RANGE_LOOP_ANALYSIS = YES;
				CLANG_WARN_STRICT_PROTOTYPES = YES;
				CLANG_WARN_SUSPICIOUS_MOVE = YES;
				CLANG_WARN_UNGUARDED_AVAILABILITY = YES_AGGRESSIVE;
				CLANG_WARN_UNREACHABLE_CODE = YES;
				CLANG_WARN__DUPLICATE_METHOD_MATCH = YES;
				COPY_PHASE_STRIP = NO;
				DEBUG_INFORMATION_FORMAT = "dwarf-with-dsym";
				ENABLE_NS_ASSERTIONS = NO;
				ENABLE_STRICT_OBJC_MSGSEND = YES;
				ENABLE_USER_SCRIPT_SANDBOXING = YES;
				GCC_C_LANGUAGE_STANDARD = gnu17;
				GCC_NO_COMMON_BLOCKS = YES;
				GCC_WARN_64_TO_32_BIT_CONVERSION = YES;
				GCC_WARN_ABOUT_RETURN_TYPE = YES_ERROR;
				GCC_WARN_UNDECLARED_SELECTOR = YES;
				GCC_WARN_UNINITIALIZED_AUTOS = YES_AGGRESSIVE;
				GCC_WARN_UNUSED_FUNCTION = YES;
				GCC_WARN_UNUSED_VARIABLE = YES;
				IPHONEOS_DEPLOYMENT_TARGET = 17.0;
				LOCALIZATION_PREFERS_STRING_CATALOGS = YES;
				MTL_ENABLE_DEBUG_INFO = NO;
				MTL_FAST_MATH = YES;
				SDKROOT = iphoneos;
				SWIFT_COMPILATION_MODE = wholemodule;
				VALIDATE_PRODUCT = YES;
			};
			name = Release;
		};
		01EF29E72BF3BC2C00586122 /* Debug */ = {
			isa = XCBuildConfiguration;
			buildSettings = {
				ASSETCATALOG_COMPILER_APPICON_NAME = AppIcon;
				ASSETCATALOG_COMPILER_GLOBAL_ACCENT_COLOR_NAME = AccentColor;
				CODE_SIGN_STYLE = Automatic;
				CURRENT_PROJECT_VERSION = 1;
				DEVELOPMENT_ASSET_PATHS = "\"GMarketplace/Preview Content\"";
				DEVELOPMENT_TEAM = AZT9X443J9;
				ENABLE_PREVIEWS = YES;
				GENERATE_INFOPLIST_FILE = YES;
				INFOPLIST_KEY_UIApplicationSceneManifest_Generation = YES;
				INFOPLIST_KEY_UIApplicationSupportsIndirectInputEvents = YES;
				INFOPLIST_KEY_UILaunchScreen_Generation = YES;
				INFOPLIST_KEY_UISupportedInterfaceOrientations_iPad = "UIInterfaceOrientationPortrait UIInterfaceOrientationPortraitUpsideDown UIInterfaceOrientationLandscapeLeft UIInterfaceOrientationLandscapeRight";
				INFOPLIST_KEY_UISupportedInterfaceOrientations_iPhone = "UIInterfaceOrientationPortrait UIInterfaceOrientationLandscapeLeft UIInterfaceOrientationLandscapeRight";
				LD_RUNPATH_SEARCH_PATHS = (
					"$(inherited)",
					"@executable_path/Frameworks",
				);
				MARKETING_VERSION = 1.0;
				PRODUCT_BUNDLE_IDENTIFIER = com.gambrell.GMarketplace;
				PRODUCT_NAME = "$(TARGET_NAME)";
				SWIFT_EMIT_LOC_STRINGS = YES;
				SWIFT_VERSION = 5.0;
				TARGETED_DEVICE_FAMILY = "1,2";
			};
			name = Debug;
		};
		01EF29E82BF3BC2C00586122 /* Release */ = {
			isa = XCBuildConfiguration;
			buildSettings = {
				ASSETCATALOG_COMPILER_APPICON_NAME = AppIcon;
				ASSETCATALOG_COMPILER_GLOBAL_ACCENT_COLOR_NAME = AccentColor;
				CODE_SIGN_STYLE = Automatic;
				CURRENT_PROJECT_VERSION = 1;
				DEVELOPMENT_ASSET_PATHS = "\"GMarketplace/Preview Content\"";
				DEVELOPMENT_TEAM = AZT9X443J9;
				ENABLE_PREVIEWS = YES;
				GENERATE_INFOPLIST_FILE = YES;
				INFOPLIST_KEY_UIApplicationSceneManifest_Generation = YES;
				INFOPLIST_KEY_UIApplicationSupportsIndirectInputEvents = YES;
				INFOPLIST_KEY_UILaunchScreen_Generation = YES;
				INFOPLIST_KEY_UISupportedInterfaceOrientations_iPad = "UIInterfaceOrientationPortrait UIInterfaceOrientationPortraitUpsideDown UIInterfaceOrientationLandscapeLeft UIInterfaceOrientationLandscapeRight";
				INFOPLIST_KEY_UISupportedInterfaceOrientations_iPhone = "UIInterfaceOrientationPortrait UIInterfaceOrientationLandscapeLeft UIInterfaceOrientationLandscapeRight";
				LD_RUNPATH_SEARCH_PATHS = (
					"$(inherited)",
					"@executable_path/Frameworks",
				);
				MARKETING_VERSION = 1.0;
				PRODUCT_BUNDLE_IDENTIFIER = com.gambrell.GMarketplace;
				PRODUCT_NAME = "$(TARGET_NAME)";
				SWIFT_EMIT_LOC_STRINGS = YES;
				SWIFT_VERSION = 5.0;
				TARGETED_DEVICE_FAMILY = "1,2";
			};
			name = Release;
		};
/* End XCBuildConfiguration section */

/* Begin XCConfigurationList section */
		01EF29D32BF3BC2B00586122 /* Build configuration list for PBXProject "GMarketplace" */ = {
			isa = XCConfigurationList;
			buildConfigurations = (
				01EF29E42BF3BC2C00586122 /* Debug */,
				01EF29E52BF3BC2C00586122 /* Release */,
			);
			defaultConfigurationIsVisible = 0;
			defaultConfigurationName = Release;
		};
		01EF29E62BF3BC2C00586122 /* Build configuration list for PBXNativeTarget "GMarketplace" */ = {
			isa = XCConfigurationList;
			buildConfigurations = (
				01EF29E72BF3BC2C00586122 /* Debug */,
				01EF29E82BF3BC2C00586122 /* Release */,
			);
			defaultConfigurationIsVisible = 0;
			defaultConfigurationName = Release;
		};
/* End XCConfigurationList section */
	};
	rootObject = 01EF29D02BF3BC2B00586122 /* Project object */;
}
